
Microsoft Visual Studio Solution File, Format Version 12.00
# Visual Studio Version 17
VisualStudioVersion = 17.3.32929.385
MinimumVisualStudioVersion = 10.0.40219.1
Project("{FAE04EC0-301F-11D3-BF4B-00C04F79EFBC}") = "IpInfo", "IpInfo.csproj", "{806FEF82-4949-4B6F-AB25-9FEA1BD4EE99}"
EndProject
Global
	GlobalSection(SolutionConfigurationPlatforms) = preSolution
		Debug|Any CPU = Debug|Any CPU
		Release|Any CPU = Release|Any CPU
	EndGlobalSection
	GlobalSection(ProjectConfigurationPlatforms) = postSolution
		{806FEF82-4949-4B6F-AB25-9FEA1BD4EE99}.Debug|Any CPU.ActiveCfg = Debug|Any CPU
		{806FEF82-4949-4B6F-AB25-9FEA1BD4EE99}.Debug|Any CPU.Build.0 = Debug|Any CPU
		{806FEF82-4949-4B6F-AB25-9FEA1BD4EE99}.Release|Any CPU.ActiveCfg = Release|Any CPU
		{806FEF82-4949-4B6F-AB25-9FEA1BD4EE99}.Release|Any CPU.Build.0 = Release|Any CPU
	EndGlobalSection
	GlobalSection(SolutionProperties) = preSolution
		HideSolutionNode = FALSE
	EndGlobalSection
	GlobalSection(ExtensibilityGlobals) = postSolution
		SolutionGuid = {7CCB5477-E25F-4897-9C13-A01BA8B49EE2}
	EndGlobalSection
EndGlobal
